
Microsoft Visual Studio Solution File, Format Version 12.00
# Visual Studio Version 16
VisualStudioVersion = 16.0.30225.117
MinimumVisualStudioVersion = 10.0.40219.1
Project("{FAE04EC0-301F-11D3-BF4B-00C04F79EFBC}") = "WebApplication", "WebApplication\WebApplication.csproj", "{54EDB2F2-698E-4AEC-BAFD-57D85CF28889}"
EndProject
Global
	GlobalSection(SolutionConfigurationPlatforms) = preSolution
		Debug|Any CPU = Debug|Any CPU
		Release|Any CPU = Release|Any CPU
	EndGlobalSection
	GlobalSection(ProjectConfigurationPlatforms) = postSolution
		{54EDB2F2-698E-4AEC-BAFD-57D85CF28889}.Debug|Any CPU.ActiveCfg = Debug|Any CPU
		{54EDB2F2-698E-4AEC-BAFD-57D85CF28889}.Debug|Any CPU.Build.0 = Debug|Any CPU
		{54EDB2F2-698E-4AEC-BAFD-57D85CF28889}.Release|Any CPU.ActiveCfg = Release|Any CPU
		{54EDB2F2-698E-4AEC-BAFD-57D85CF28889}.Release|Any CPU.Build.0 = Release|Any CPU
	EndGlobalSection
	GlobalSection(SolutionProperties) = preSolution
		HideSolutionNode = FALSE
	EndGlobalSection
	GlobalSection(ExtensibilityGlobals) = postSolution
		SolutionGuid = {F71E2EDF-764F-407F-941F-A71C6EC5D55B}
	EndGlobalSection
EndGlobal
